#MicroXplorer Configuration settings - do not modify
Appli.IPs=CORTEX_M7_APPLI\:I,GPDMA1,HPDMA1,LINKEDLIST,RCC\:I,GPIO,NVIC2\:I,SYS,PWR,USB_OTG_HS,USB_OTG_HS1,DEBUG,USART1,SAI1
Appli.Pins=PE3,PA5,PA7
Boot.IPs=CORTEX_M7_BOOT\:I,GPDMA1,HPDMA1,LINKEDLIST,RCC,GPIO,NVIC1\:I
CAD.formats=
CAD.pinconfig=
CAD.provider=
CORTEX_M7_APPLI.AccessPermission-Cortex_Memory_Protection_Unit_Region0_Settings=MPU_REGION_FULL_ACCESS
CORTEX_M7_APPLI.BaseAddress-Cortex_Memory_Protection_Unit_Region0_Settings=0x24000000
CORTEX_M7_APPLI.CPU_DCache=Enabled
CORTEX_M7_APPLI.Enable-Cortex_Memory_Protection_Unit_Region0_Settings=MPU_REGION_ENABLE
CORTEX_M7_APPLI.IPParameters=MPU_Control,Enable-Cortex_Memory_Protection_Unit_Region0_Settings,BaseAddress-Cortex_Memory_Protection_Unit_Region0_Settings,Size-Cortex_Memory_Protection_Unit_Region0_Settings,AccessPermission-Cortex_Memory_Protection_Unit_Region0_Settings,IsShareable-Cortex_Memory_Protection_Unit_Region0_Settings,IsBufferable-Cortex_Memory_Protection_Unit_Region0_Settings,TypeExtField-Cortex_Memory_Protection_Unit_Region0_Settings,CPU_DCache
CORTEX_M7_APPLI.IsBufferable-Cortex_Memory_Protection_Unit_Region0_Settings=MPU_ACCESS_NOT_BUFFERABLE
CORTEX_M7_APPLI.IsShareable-Cortex_Memory_Protection_Unit_Region0_Settings=MPU_ACCESS_SHAREABLE
CORTEX_M7_APPLI.MPU_Control=MPU_HFNMI_PRIVDEF
CORTEX_M7_APPLI.Size-Cortex_Memory_Protection_Unit_Region0_Settings=MPU_REGION_SIZE_64KB
CORTEX_M7_APPLI.TypeExtField-Cortex_Memory_Protection_Unit_Region0_Settings=MPU_TEX_LEVEL0
CORTEX_M7_BOOT.IPParameters=default_mode_Activation
CORTEX_M7_BOOT.default_mode_Activation=1
ExtMemLoader.IPs=EXTMEM_LOADER\:I,EXTMEM_MANAGER\:I,GPDMA1\:I,HPDMA1\:I,LINKEDLIST\:I,GPIO
File.Version=6
GPDMA1.CIRCULARMODE_GPDMACH0=ENABLE
GPDMA1.DATAHANDLING_GPDMACH0=NONE
GPDMA1.DESTDATAWIDTH_GPDMACH0=DMA_DEST_DATAWIDTH_WORD
GPDMA1.DIRECTION_GPDMACH0=DMA_MEMORY_TO_PERIPH
GPDMA1.DMAHANDLE_GPDMACH0=hdmatx
GPDMA1.IPHANDLE_GPDMACH0-SIMPLEREQUEST_GPDMACH0=__NULL
GPDMA1.IPParameters=CIRCULARMODE_GPDMACH0,PRIORITY_LL_CIRCULAR_GPDMACH0,DATAHANDLING_GPDMACH0,IPHANDLE_GPDMACH0-SIMPLEREQUEST_GPDMACH0,REQUEST_GPDMACH0,DMAHANDLE_GPDMACH0,DIRECTION_GPDMACH0,SRCDATAWIDTH_GPDMACH0,SRCINC_GPDMACH0,DESTDATAWIDTH_GPDMACH0
GPDMA1.PRIORITY_LL_CIRCULAR_GPDMACH0=DMA_HIGH_PRIORITY
GPDMA1.REQUEST_GPDMACH0=GPDMA1_REQUEST_SAI1_A
GPDMA1.SRCDATAWIDTH_GPDMACH0=DMA_SRC_DATAWIDTH_WORD
GPDMA1.SRCINC_GPDMACH0=DMA_SINC_INCREMENTED
GPIO.groupedBy=Group By Peripherals
KeepUserPlacement=false
Linkedlist.MDMA_Channel0.GP_SW.0.ADDRESSING2D=DISABLE
Linkedlist.MDMA_Channel0.GP_SW.0.BlkHWRequest=DMA_BREQ_SINGLE_BURST
Linkedlist.MDMA_Channel0.GP_SW.0.DataHandling=NONE
Linkedlist.MDMA_Channel0.GP_SW.0.DataSize=0
Linkedlist.MDMA_Channel0.GP_SW.0.DestBurstLength=1
Linkedlist.MDMA_Channel0.GP_SW.0.DestDataWidth=DMA_DEST_DATAWIDTH_WORD
Linkedlist.MDMA_Channel0.GP_SW.0.DestInc=DMA_DINC_FIXED
Linkedlist.MDMA_Channel0.GP_SW.0.Direction=DMA_MEMORY_TO_PERIPH
Linkedlist.MDMA_Channel0.GP_SW.0.DstAddress=0
Linkedlist.MDMA_Channel0.GP_SW.0.Instance=MDMA_Channel0
Linkedlist.MDMA_Channel0.GP_SW.0.LL_MASTERDMA=GPDMA1_2D
Linkedlist.MDMA_Channel0.GP_SW.0.LL_NAME=YourQueueName
Linkedlist.MDMA_Channel0.GP_SW.0.LL_TYPE=LINEAR
Linkedlist.MDMA_Channel0.GP_SW.0.Mode=DMA_NORMAL
Linkedlist.MDMA_Channel0.GP_SW.0.NODE_NAME=GPDMA_SAI
Linkedlist.MDMA_Channel0.GP_SW.0.RequestParameters=LL_NAME,LL_MASTERDMA,LL_TYPE,NODE_NAME,BlkHWRequest,Requestforcodegen,Direction,SrcInc,DestInc,SrcDataWidth,DestDataWidth,SrcBurstLength,DestBurstLength,TransferAllocatedPortSrc,TransferEventMode,Mode,DataHandling,TriggerPolarity,ADDRESSING2D,SrcAddress,DstAddress,DataSize
Linkedlist.MDMA_Channel0.GP_SW.0.Requestforcodegen=GPDMA1_REQUEST_SAI1_A
Linkedlist.MDMA_Channel0.GP_SW.0.SrcAddress=0
Linkedlist.MDMA_Channel0.GP_SW.0.SrcBurstLength=1
Linkedlist.MDMA_Channel0.GP_SW.0.SrcDataWidth=DMA_SRC_DATAWIDTH_WORD
Linkedlist.MDMA_Channel0.GP_SW.0.SrcInc=DMA_SINC_INCREMENTED
Linkedlist.MDMA_Channel0.GP_SW.0.TransferAllocatedPortSrc=DMA_SRC_ALLOCATED_PORT0
Linkedlist.MDMA_Channel0.GP_SW.0.TransferEventMode=DMA_TCEM_BLOCK_TRANSFER
Linkedlist.MDMA_Channel0.GP_SW.0.TriggerPolarity=DMA_TRIG_POLARITY_MASKED
Linkedlist.MDMA_Channel0.Request0=GP_SW
Linkedlist.MDMA_Channel0.RequestsNb=1
Linkedlist.RequestSet0=MDMA_Channel0
Linkedlist.RequestSetsNb=1
Mcu.CPN=STM32H7R3Z8J6
Mcu.Context0=Boot
Mcu.Context1=Appli
Mcu.Context2=ExtMemLoader
Mcu.ContextNb=3
Mcu.Family=STM32H7
Mcu.IP0=CORTEX_M7_APPLI
Mcu.IP1=CORTEX_M7_BOOT
Mcu.IP10=SYS
Mcu.IP11=USART1
Mcu.IP12=USB_OTG_HS
Mcu.IP2=DEBUG
Mcu.IP3=GPDMA1
Mcu.IP4=LINKEDLIST
Mcu.IP5=NVIC2
Mcu.IP6=NVIC1
Mcu.IP7=PWR
Mcu.IP8=RCC
Mcu.IP9=SAI1
Mcu.IPNb=13
Mcu.Name=STM32H7R3Z8Jx
Mcu.Package=UFBGA144
Mcu.Pin0=PB6
Mcu.Pin1=PM6
Mcu.Pin10=PA13(JTMS/SWDIO)
Mcu.Pin11=PH0-OSC_IN(PH0)
Mcu.Pin12=PH1-OSC_OUT(PH1)
Mcu.Pin13=PA5
Mcu.Pin14=PA7
Mcu.Pin15=VP_GPDMA1_VS_GPDMACH0
Mcu.Pin16=VP_PWR_VS_USBReg
Mcu.Pin17=VP_SAI1_VP_$IpInstance_SAIA_SAI_BASIC
Mcu.Pin18=VP_SYS_VS_Systick
Mcu.Pin2=PM8
Mcu.Pin3=PM5
Mcu.Pin4=PD6
Mcu.Pin5=PE3
Mcu.Pin6=PB7
Mcu.Pin7=PE6
Mcu.Pin8=PE4
Mcu.Pin9=PA14(JTCK/SWCLK)
Mcu.PinsNb=19
Mcu.ThirdPartyNb=0
Mcu.UserConstants=
Mcu.UserName=STM32H7R3Z8Jx
MxCube.Version=6.17.0
MxDb.Version=DB.6.0.170
NVIC1.BusFault_IRQn=true\:0\:0\:false\:false\:true\:false\:false\:false
NVIC1.DebugMonitor_IRQn=true\:0\:0\:false\:false\:true\:false\:false\:false
NVIC1.ForceEnableDMAVector=true
NVIC1.HardFault_IRQn=true\:0\:0\:false\:false\:true\:false\:false\:false
NVIC1.MemoryManagement_IRQn=true\:0\:0\:false\:false\:true\:false\:false\:false
NVIC1.NonMaskableInt_IRQn=true\:0\:0\:false\:false\:true\:false\:false\:false
NVIC1.PendSV_IRQn=true\:0\:0\:false\:false\:true\:false\:false\:false
NVIC1.PriorityGroup=NVIC_PRIORITYGROUP_4
NVIC1.SVCall_IRQn=true\:0\:0\:false\:false\:true\:false\:false\:false
NVIC1.SysTick_IRQn=true\:15\:0\:false\:false\:true\:false\:true\:false
NVIC1.UsageFault_IRQn=true\:0\:0\:false\:false\:true\:false\:false\:false
NVIC2.BusFault_IRQn=true\:0\:0\:false\:false\:true\:false\:false\:false
NVIC2.DebugMonitor_IRQn=true\:0\:0\:false\:false\:true\:false\:false\:false
NVIC2.ForceEnableDMAVector=true
NVIC2.GPDMA1_Channel0_IRQn=true\:0\:0\:false\:false\:true\:false\:true\:true
NVIC2.HardFault_IRQn=true\:0\:0\:false\:false\:true\:false\:false\:false
NVIC2.MemoryManagement_IRQn=true\:0\:0\:false\:false\:true\:false\:false\:false
NVIC2.NonMaskableInt_IRQn=true\:0\:0\:false\:false\:true\:false\:false\:false
NVIC2.OTG_HS_IRQn=true\:0\:0\:false\:false\:true\:true\:true\:true
NVIC2.PendSV_IRQn=true\:0\:0\:false\:false\:true\:false\:false\:false
NVIC2.PriorityGroup=NVIC_PRIORITYGROUP_4
NVIC2.SVCall_IRQn=true\:0\:0\:false\:false\:true\:false\:false\:false
NVIC2.SysTick_IRQn=true\:15\:0\:false\:false\:true\:false\:true\:false
NVIC2.UsageFault_IRQn=true\:0\:0\:false\:false\:true\:false\:false\:false
PA13(JTMS/SWDIO).Mode=Serial_Wire
PA13(JTMS/SWDIO).Signal=DEBUG_JTMS-SWDIO
PA14(JTCK/SWCLK).Mode=Serial_Wire
PA14(JTCK/SWCLK).Signal=DEBUG_JTCK-SWCLK
PA5.ContextOwner=Appli
PA5.GPIOParameters=GPIO_Label,PinAttribute
PA5.GPIO_Label=ENABLE_41
PA5.Locked=true
PA5.PinAttribute=Appli
PA5.Signal=GPIO_Output
PA7.ContextOwner=Appli
PA7.GPIOParameters=GPIO_Label,PinAttribute
PA7.GPIO_Label=ENABLE_48
PA7.Locked=true
PA7.PinAttribute=Appli
PA7.Signal=GPIO_Output
PB6.GPIOParameters=PinAttribute
PB6.Mode=Asynchronous
PB6.PinAttribute=Appli
PB6.Signal=USART1_TX
PB7.GPIOParameters=PinAttribute
PB7.Mode=Asynchronous
PB7.PinAttribute=Appli
PB7.Signal=USART1_RX
PCC.Checker=false
PCC.Display=Plot\: All Steps
PCC.Line=STM32H7R3/7S3
PCC.MCU=STM32H7R3Z8Jx
PCC.PartNumber=STM32H7R3Z8Jx
PCC.Series=STM32H7
PCC.Temperature=25
PCC.Vdd=3.0
PD6.GPIOParameters=PinAttribute
PD6.Mode=SAI_A_Master
PD6.PinAttribute=Appli
PD6.Signal=SAI1_SCK_A
PE3.ContextOwner=Appli
PE3.GPIOParameters=GPIO_Label,PinAttribute
PE3.GPIO_Label=SIGNAL_LED
PE3.Locked=true
PE3.PinAttribute=Appli
PE3.Signal=GPIO_Output
PE4.GPIOParameters=PinAttribute
PE4.Mode=SAI_A_Master
PE4.PinAttribute=Appli
PE4.Signal=SAI1_FS_A
PE6.GPIOParameters=PinAttribute
PE6.Mode=SAI_A_Master
PE6.PinAttribute=Appli
PE6.Signal=SAI1_SD_A
PH0-OSC_IN(PH0).Mode=HSE-External-Oscillator
PH0-OSC_IN(PH0).Signal=RCC_OSC_IN
PH1-OSC_OUT(PH1).Mode=HSE-External-Oscillator
PH1-OSC_OUT(PH1).Signal=RCC_OSC_OUT
PM5.GPIOParameters=PinAttribute
PM5.Mode=Internal_Phy_Device
PM5.PinAttribute=Appli
PM5.Signal=USB_OTG_HS_DM
PM6.GPIOParameters=PinAttribute
PM6.Mode=Internal_Phy_Device
PM6.PinAttribute=Appli
PM6.Signal=USB_OTG_HS_DP
PM8.GPIOParameters=PinAttribute
PM8.Mode=Activate_VBUS_FS
PM8.PinAttribute=Appli
PM8.Signal=USB_OTG_HS_VBUS
PWR.IPParameters=USB_REGEN,USB_HS_REGEN
PWR.USB_HS_REGEN=Enable
PWR.USB_REGEN=Disable
PinOutPanel.CurrentBGAView=Top
PinOutPanel.RotationAngle=0
ProjectManager.AskForMigrate=true
ProjectManager.BackupPrevious=false
ProjectManager.CompilerLinker=GCC
ProjectManager.CompilerOptimize=6
ProjectManager.ComputerToolchain=false
ProjectManager.CoupleFile=false
ProjectManager.CustomerFirmwarePackage=
ProjectManager.DefaultFWLocation=true
ProjectManager.DeletePrevious=true
ProjectManager.DeviceId=STM32H7R3Z8Jx
ProjectManager.FirmwarePackage=STM32Cube FW_H7RS V1.3.0
ProjectManager.FreePins=false
ProjectManager.FreePinsContext=Boot
ProjectManager.HalAssertFull=false
ProjectManager.HeapSize=App-0x200,Boot-0x200,ExtMemLoader-0x200
ProjectManager.KeepUserCode=true
ProjectManager.LastFirmware=true
ProjectManager.LibraryCopy=1
ProjectManager.MainLocation=Core/Src
ProjectManager.NoMain=false
ProjectManager.PreviousToolchain=
ProjectManager.ProjectBuild=false
ProjectManager.ProjectFileName=usb_to_i2s.ioc
ProjectManager.ProjectName=usb_to_i2s
ProjectManager.ProjectStructure=Boot\:Boot Project\:true;App\:Appli Project\:true;ExtMemLoader\:ExtMemLoader Project\:false;
ProjectManager.RegisterCallBack=
ProjectManager.StackSize=App-0x400,Boot-0x400,ExtMemLoader-0x400
ProjectManager.TargetToolchain=CMake
ProjectManager.ToolChainLocation=
ProjectManager.UAScriptAfterPath=
ProjectManager.UAScriptBeforePath=
ProjectManager.UnderRoot=false
ProjectManager.functionlistsort=1-SystemClock_Config-RCC-false-HAL-false-Boot,2-MX_GPDMA1_Init-GPDMA1-false-HAL-true-Boot,1-SystemClock_Config-RCC-false-HAL-false-Appli,2-MX_GPIO_Init-GPIO-false-HAL-true-Appli,3-MX_GPDMA1_Init-GPDMA1-false-HAL-true-Appli,4-MX_USB_OTG_HS_PCD_Init-USB_OTG_HS-false-HAL-true-Appli,5-MX_USART1_UART_Init-USART1-false-HAL-true-Appli,6-MX_SAI1_Init-SAI1-false-HAL-true-Appli,0-MX_CORTEX_M7_BOOT_Init-CORTEX_M7_BOOT-false-HAL-true-Boot,0-MX_CORTEX_M7_APPLI_Init-CORTEX_M7_APPLI-false-HAL-true-Appli,0-MX_PWR_Init-PWR-false-HAL-true-Appli,1-SystemClock_Config-RCC-false-HAL-false-ExtMemLoader,2-MX_GPDMA1_Init-GPDMA1-false-HAL-true-ExtMemLoader
RCC.ADCFreq_Value=180635009.765625
RCC.ADFFreq_Value=300000000
RCC.AHB1234Freq_Value=300000000
RCC.AHB5ClockFreq_Value=300000000
RCC.APB1Freq_Value=150000000
RCC.APB2Freq_Value=150000000
RCC.APB4Freq_Value=150000000
RCC.APB5Freq_Value=150000000
RCC.AXIClockFreq_Value=300000000
RCC.BMPRE=RCC_HCLK_DIV2
RCC.CECFreq_Value=32768
RCC.CKPERFreq_Value=64000000
RCC.CPREFreq_Value=600000000
RCC.CortexFreq_Value=600000000
RCC.CpuClockFreq_Value=600000000
RCC.DIVM1=2
RCC.DIVM2=6
RCC.DIVM3=6
RCC.DIVN1=50
RCC.DIVN2=180
RCC.DIVN3=196
RCC.DIVP1=1
RCC.DIVP1Freq_Value=600000000
RCC.DIVP2=4
RCC.DIVP2Freq_Value=180635009.765625
RCC.DIVP3=4
RCC.DIVP3Freq_Value=196625000
RCC.DIVQ1Freq_Value=300000000
RCC.DIVQ2Freq_Value=361270019.53125
RCC.DIVQ3Freq_Value=393250000
RCC.DIVR1Freq_Value=300000000
RCC.DIVR2Freq_Value=361270019.53125
RCC.DIVR3Freq_Value=393250000
RCC.DIVS1Freq_Value=300000000
RCC.DIVS2Freq_Value=361270019.53125
RCC.DIVS3Freq_Value=393250000
RCC.DIVT1Freq_Value=300000000
RCC.DIVT2Freq_Value=361270019.53125
RCC.DIVT3Freq_Value=393250000
RCC.DTSFreq_Value=32768
RCC.ETH1Freq_Value=12288000
RCC.ETHPHYFreq_Value=24000000
RCC.FDCANFreq_Value=24000000
RCC.FMCFreq_Value=300000000
RCC.FamilyName=M
RCC.HCLKFreq_Value=300000000
RCC.I2C23Freq_Value=150000000
RCC.I2CI3C1Freq_Value=150000000
RCC.IPParameters=ADCFreq_Value,ADFFreq_Value,AHB1234Freq_Value,AHB5ClockFreq_Value,APB1Freq_Value,APB2Freq_Value,APB4Freq_Value,APB5Freq_Value,AXIClockFreq_Value,BMPRE,CECFreq_Value,CKPERFreq_Value,CPREFreq_Value,CortexFreq_Value,CpuClockFreq_Value,DIVM1,DIVM2,DIVM3,DIVN1,DIVN2,DIVN3,DIVP1,DIVP1Freq_Value,DIVP2,DIVP2Freq_Value,DIVP3,DIVP3Freq_Value,DIVQ1Freq_Value,DIVQ2Freq_Value,DIVQ3Freq_Value,DIVR1Freq_Value,DIVR2Freq_Value,DIVR3Freq_Value,DIVS1Freq_Value,DIVS2Freq_Value,DIVS3Freq_Value,DIVT1Freq_Value,DIVT2Freq_Value,DIVT3Freq_Value,DTSFreq_Value,ETH1Freq_Value,ETHPHYFreq_Value,FDCANFreq_Value,FMCFreq_Value,FamilyName,HCLKFreq_Value,I2C23Freq_Value,I2CI3C1Freq_Value,LPTIM1Freq_Value,LPTIM23Freq_Value,LPTIM45Freq_Value,LPUART1Freq_Value,MCO1PinFreq_Value,MCO2PinFreq_Value,OSPI1Freq_Value,PLL2FRACN,PLL3FRACN,PLLFRACN,PLLSource,PPRE1,PPRE2,PPRE4,PPRE5,PSSIFreq_Value,RTCFreq_Value,SAI1CLockSelection,SAI1Freq_Value,SAI2Freq_Value,SDMMCFreq_Value,SPDIFRXFreq_Value,SPI1CLockSelection,SPI1Freq_Value,SPI23Freq_Value,SPI45Freq_Value,SPI6Freq_Value,SYSCLKFreq_VALUE,SYSCLKSource,TPIUFreq_Value,Tim1OutputFreq_Value,Tim2OutputFreq_Value,UCPDFreq_Value,USART1Freq_Value,USART234578Freq_Value,USBOFSFreq_Value,USBPHYFreq_Value,VCO1OutputFreq_Value,VCO2OutputFreq_Value,VCO3OutputFreq_Value,VCOInput1Freq_Value,VCOInput2Freq_Value,VCOInput3Freq_Value
RCC.LPTIM1Freq_Value=150000000
RCC.LPTIM23Freq_Value=150000000
RCC.LPTIM45Freq_Value=150000000
RCC.LPUART1Freq_Value=150000000
RCC.MCO1PinFreq_Value=64000000
RCC.MCO2PinFreq_Value=600000000
RCC.OSPI1Freq_Value=300000000
RCC.PLL2FRACN=5202
RCC.PLL3FRACN=5120
RCC.PLLFRACN=0
RCC.PLLSource=RCC_PLLSOURCE_HSE
RCC.PPRE1=RCC_APB1_DIV2
RCC.PPRE2=RCC_APB2_DIV2
RCC.PPRE4=RCC_APB4_DIV2
RCC.PPRE5=RCC_APB5_DIV2
RCC.PSSIFreq_Value=393250000
RCC.RTCFreq_Value=32000
RCC.SAI1CLockSelection=RCC_SAI1CLKSOURCE_PLL3P
RCC.SAI1Freq_Value=196625000
RCC.SAI2Freq_Value=300000000
RCC.SDMMCFreq_Value=361270019.53125
RCC.SPDIFRXFreq_Value=300000000
RCC.SPI1CLockSelection=RCC_SPI1CLKSOURCE_PLL3P
RCC.SPI1Freq_Value=196625000
RCC.SPI23Freq_Value=300000000
RCC.SPI45Freq_Value=150000000
RCC.SPI6Freq_Value=150000000
RCC.SYSCLKFreq_VALUE=600000000
RCC.SYSCLKSource=RCC_SYSCLKSOURCE_PLLCLK
RCC.TPIUFreq_Value=200000000
RCC.Tim1OutputFreq_Value=300000000
RCC.Tim2OutputFreq_Value=300000000
RCC.UCPDFreq_Value=16000000
RCC.USART1Freq_Value=150000000
RCC.USART234578Freq_Value=150000000
RCC.USBOFSFreq_Value=48000000
RCC.USBPHYFreq_Value=24000000
RCC.VCO1OutputFreq_Value=600000000
RCC.VCO2OutputFreq_Value=722540039.0625
RCC.VCO3OutputFreq_Value=786500000
RCC.VCOInput1Freq_Value=12000000
RCC.VCOInput2Freq_Value=4000000
RCC.VCOInput3Freq_Value=4000000
SAI1.BasicDataSize-SAI_A_Master=SAI_PROTOCOL_DATASIZE_32BIT
SAI1.ErrorAudioFreq-SAI_A_Master=0.0 %
SAI1.FIFOThreshold-SAI_A_Master=SAI_FIFOTHRESHOLD_HF
SAI1.IPParameters=MckOutput,VirtualProtocol-SAI_A_BASIC,Instance-SAI_A_Master,VirtualMode-SAI_A_Master,InitProtocol-SAI_A_Master,RealAudioFreq-SAI_A_Master,ErrorAudioFreq-SAI_A_Master,BasicDataSize-SAI_A_Master,FIFOThreshold-SAI_A_Master,OutputDrive-SAI_A_Master
SAI1.InitProtocol-SAI_A_Master=Enable
SAI1.Instance-SAI_A_Master=SAI$Index_Block_A
SAI1.MckOutput=SAI_MCK_OUTPUT_DISABLE
SAI1.OutputDrive-SAI_A_Master=SAI_OUTPUTDRIVE_ENABLE
SAI1.RealAudioFreq-SAI_A_Master=192.016 KHz
SAI1.VirtualMode-SAI_A_Master=VM_MASTER
SAI1.VirtualProtocol-SAI_A_BASIC=VM_BASIC_PROTOCOL
USART1.IPParameters=VirtualMode-Asynchronous
USART1.VirtualMode-Asynchronous=VM_ASYNC
USB_OTG_HS.IPParameters=VirtualMode,dma_enable
USB_OTG_HS.VirtualMode=Device_HS
USB_OTG_HS.dma_enable=ENABLE
VP_GPDMA1_VS_GPDMACH0.Mode=SIMPLEREQUEST_GPDMACH0
VP_GPDMA1_VS_GPDMACH0.Signal=GPDMA1_VS_GPDMACH0
VP_PWR_VS_USBReg.Mode=USBReg
VP_PWR_VS_USBReg.Signal=PWR_VS_USBReg
VP_SAI1_VP_$IpInstance_SAIA_SAI_BASIC.Mode=SAI_A_BASIC
VP_SAI1_VP_$IpInstance_SAIA_SAI_BASIC.Signal=SAI1_VP_$IpInstance_SAIA_SAI_BASIC
VP_SYS_VS_Systick.Mode=SysTick
VP_SYS_VS_Systick.Signal=SYS_VS_Systick
board=custom
